
Microsoft Visual Studio Solution File, Format Version 12.00
# Visual Studio Version 17
VisualStudioVersion = 17.3.32929.385
MinimumVisualStudioVersion = 10.0.40219.1
Project("{FAE04EC0-301F-11D3-BF4B-00C04F79EFBC}") = "ImageProjectClient", "ImageProjectClient\ImageProjectClient.csproj", "{D419DA18-FBD8-4105-ACFC-C223F427DEC3}"
EndProject
Global
	GlobalSection(SolutionConfigurationPlatforms) = preSolution
		Debug|Any CPU = Debug|Any CPU
		Release|Any CPU = Release|Any CPU
	EndGlobalSection
	GlobalSection(ProjectConfigurationPlatforms) = postSolution
		{D419DA18-FBD8-4105-ACFC-C223F427DEC3}.Debug|Any CPU.ActiveCfg = Debug|Any CPU
		{D419DA18-FBD8-4105-ACFC-C223F427DEC3}.Debug|Any CPU.Build.0 = Debug|Any CPU
		{D419DA18-FBD8-4105-ACFC-C223F427DEC3}.Release|Any CPU.ActiveCfg = Release|Any CPU
		{D419DA18-FBD8-4105-ACFC-C223F427DEC3}.Release|Any CPU.Build.0 = Release|Any CPU
	EndGlobalSection
	GlobalSection(SolutionProperties) = preSolution
		HideSolutionNode = FALSE
	EndGlobalSection
	GlobalSection(ExtensibilityGlobals) = postSolution
		SolutionGuid = {D359928D-9C28-4D9D-95BF-38DD9204D885}
	EndGlobalSection
EndGlobal
